{
  "name": "gjspack",
  "lockfileVersion": 3,
  "requires": true,
  "packages": {
    "": {
      "name": "gjspack",
      "devDependencies": {
        "es-module-lexer": "^2.0.0",
        "ltx": "^3.1.2"
      }
    },
    "node_modules/es-module-lexer": {
      "version": "2.0.0",
      "resolved": "https://registry.npmjs.org/es-module-lexer/-/es-module-lexer-2.0.0.tgz",
      "integrity": "sha512-5POEcUuZybH7IdmGsD8wlf0AI55wMecM9rVBTI/qEAy2c1kTOm3DjFYjrBdI2K3BaJjJYfYFeRtM0t9ssnRuxw==",
      "dev": true,
      "license": "MIT"
    },
    "node_modules/ltx": {
      "version": "3.1.2",
      "resolved": "https://registry.npmjs.org/ltx/-/ltx-3.1.2.tgz",
      "integrity": "sha512-tFSKojN92FqNK6eRTmKK/ROUTUYVWKAxgohz523TPhF1G3nR3DXQS/I7/705rEPrDSloKDgMdRlh0qgMFQoVYw==",
      "dev": true,
      "license": "MIT",
      "engines": {
        "node": ">= 12.4.0"
      }
    }
  }
}
