{
  "name": "gjspack",
  "lockfileVersion": 3,
  "requires": true,
  "packages": {
    "": {
      "name": "gjspack",
      "devDependencies": {
        "es-module-lexer": "^1.7.0",
        "ltx": "^3.1.2"
      }
    },
    "node_modules/es-module-lexer": {
      "version": "1.7.0",
      "resolved": "https://registry.npmjs.org/es-module-lexer/-/es-module-lexer-1.7.0.tgz",
      "integrity": "sha512-jEQoCwk8hyb2AZziIOLhDqpm5+2ww5uIE6lkO/6jcOCusfk6LhMHpXXfBLXTZ7Ydyt0j4VoUQv6uGNYbdW+kBA==",
      "dev": true,
      "license": "MIT"
    },
    "node_modules/ltx": {
      "version": "3.1.2",
      "resolved": "https://registry.npmjs.org/ltx/-/ltx-3.1.2.tgz",
      "integrity": "sha512-tFSKojN92FqNK6eRTmKK/ROUTUYVWKAxgohz523TPhF1G3nR3DXQS/I7/705rEPrDSloKDgMdRlh0qgMFQoVYw==",
      "dev": true,
      "license": "MIT",
      "engines": {
        "node": ">= 12.4.0"
      }
    }
  }
}
